
Microsoft Visual Studio Solution File, Format Version 12.00
# Visual Studio Version 17
VisualStudioVersion = 17.5.33627.172
MinimumVisualStudioVersion = 10.0.40219.1
Project("{FAE04EC0-301F-11D3-BF4B-00C04F79EFBC}") = "TesAPPfor Repo-VS", "TesAPPfor Repo-VS\TesAPPfor Repo-VS.csproj", "{2DF2C7F0-F47B-4E33-9A98-B7CAD9A40900}"
EndProject
Global
	GlobalSection(SolutionConfigurationPlatforms) = preSolution
		Debug|Any CPU = Debug|Any CPU
		Release|Any CPU = Release|Any CPU
	EndGlobalSection
	GlobalSection(ProjectConfigurationPlatforms) = postSolution
		{2DF2C7F0-F47B-4E33-9A98-B7CAD9A40900}.Debug|Any CPU.ActiveCfg = Debug|Any CPU
		{2DF2C7F0-F47B-4E33-9A98-B7CAD9A40900}.Debug|Any CPU.Build.0 = Debug|Any CPU
		{2DF2C7F0-F47B-4E33-9A98-B7CAD9A40900}.Release|Any CPU.ActiveCfg = Release|Any CPU
		{2DF2C7F0-F47B-4E33-9A98-B7CAD9A40900}.Release|Any CPU.Build.0 = Release|Any CPU
	EndGlobalSection
	GlobalSection(SolutionProperties) = preSolution
		HideSolutionNode = FALSE
	EndGlobalSection
	GlobalSection(ExtensibilityGlobals) = postSolution
		SolutionGuid = {F3D0D55D-1F00-4283-A4A1-9775783819E6}
	EndGlobalSection
EndGlobal
